
Microsoft Visual Studio Solution File, Format Version 12.00
# Visual Studio 15
VisualStudioVersion = 15.0.26403.7
MinimumVisualStudioVersion = 10.0.40219.1
Project("{FAE04EC0-301F-11D3-BF4B-00C04F79EFBC}") = "SocketOnlineServer", "SocketOnlineServer\SocketOnlineServer.csproj", "{7554FC2E-7DE3-412D-840B-ADA25D70564A}"
EndProject
Project("{FAE04EC0-301F-11D3-BF4B-00C04F79EFBC}") = "SocketOnlineClient", "SocketOnlineClient\SocketOnlineClient.csproj", "{F866F251-E8D1-4893-8E83-BACD9C08AF18}"
EndProject
Global
	GlobalSection(SolutionConfigurationPlatforms) = preSolution
		Debug|Any CPU = Debug|Any CPU
		Release|Any CPU = Release|Any CPU
	EndGlobalSection
	GlobalSection(ProjectConfigurationPlatforms) = postSolution
		{7554FC2E-7DE3-412D-840B-ADA25D70564A}.Debug|Any CPU.ActiveCfg = Debug|Any CPU
		{7554FC2E-7DE3-412D-840B-ADA25D70564A}.Debug|Any CPU.Build.0 = Debug|Any CPU
		{7554FC2E-7DE3-412D-840B-ADA25D70564A}.Release|Any CPU.ActiveCfg = Release|Any CPU
		{7554FC2E-7DE3-412D-840B-ADA25D70564A}.Release|Any CPU.Build.0 = Release|Any CPU
		{F866F251-E8D1-4893-8E83-BACD9C08AF18}.Debug|Any CPU.ActiveCfg = Debug|Any CPU
		{F866F251-E8D1-4893-8E83-BACD9C08AF18}.Debug|Any CPU.Build.0 = Debug|Any CPU
		{F866F251-E8D1-4893-8E83-BACD9C08AF18}.Release|Any CPU.ActiveCfg = Release|Any CPU
		{F866F251-E8D1-4893-8E83-BACD9C08AF18}.Release|Any CPU.Build.0 = Release|Any CPU
	EndGlobalSection
	GlobalSection(SolutionProperties) = preSolution
		HideSolutionNode = FALSE
	EndGlobalSection
EndGlobal
